
Microsoft Visual Studio Solution File, Format Version 12.00
# Visual Studio Version 17
VisualStudioVersion = 17.0.31903.59
MinimumVisualStudioVersion = 10.0.40219.1
Project("{FAE04EC0-301F-11D3-BF4B-00C04F79EFBC}") = "Server", "Server\Server.csproj", "{4C3D8630-856F-4D77-9CF7-CF43FD7A61B3}"
EndProject
Project("{FAE04EC0-301F-11D3-BF4B-00C04F79EFBC}") = "Client", "Client\Client.csproj", "{221689C1-0149-44BA-9CB4-2D3B51576204}"
EndProject
Global
	GlobalSection(SolutionConfigurationPlatforms) = preSolution
		Debug|Any CPU = Debug|Any CPU
		Release|Any CPU = Release|Any CPU
	EndGlobalSection
	GlobalSection(ProjectConfigurationPlatforms) = postSolution
		{4C3D8630-856F-4D77-9CF7-CF43FD7A61B3}.Debug|Any CPU.ActiveCfg = Debug|Any CPU
		{4C3D8630-856F-4D77-9CF7-CF43FD7A61B3}.Debug|Any CPU.Build.0 = Debug|Any CPU
		{4C3D8630-856F-4D77-9CF7-CF43FD7A61B3}.Release|Any CPU.ActiveCfg = Release|Any CPU
		{4C3D8630-856F-4D77-9CF7-CF43FD7A61B3}.Release|Any CPU.Build.0 = Release|Any CPU
		{221689C1-0149-44BA-9CB4-2D3B51576204}.Debug|Any CPU.ActiveCfg = Debug|Any CPU
		{221689C1-0149-44BA-9CB4-2D3B51576204}.Debug|Any CPU.Build.0 = Debug|Any CPU
		{221689C1-0149-44BA-9CB4-2D3B51576204}.Debug|Any CPU.Deploy.0 = Debug|Any CPU
		{221689C1-0149-44BA-9CB4-2D3B51576204}.Release|Any CPU.ActiveCfg = Release|Any CPU
		{221689C1-0149-44BA-9CB4-2D3B51576204}.Release|Any CPU.Build.0 = Release|Any CPU
		{221689C1-0149-44BA-9CB4-2D3B51576204}.Release|Any CPU.Deploy.0 = Release|Any CPU
	EndGlobalSection
	GlobalSection(SolutionProperties) = preSolution
		HideSolutionNode = FALSE
	EndGlobalSection
	GlobalSection(ExtensibilityGlobals) = postSolution
		SolutionGuid = {43D38109-4DA1-4032-A867-26B719E02526}
	EndGlobalSection
EndGlobal
